github.com/btcsuite/btcd/btcec/v2 v2.2.1 h1:xP60mv8fvp+0khmrN0zTdPC3cNm24rfeE6lh2R/Yv3E=
github.com/btcsuite/btcd/btcec/v2 v2.2.1/go.mod h1:9/CSmJxmuvqzX9Wh2fXMWToLOHhPd11lSPuIupwTkI8=
github.com/davecgh/go-spew v1.1.1 h1:vj9j/u1bqnvCEfJOwUhtlOARqs3+rkHYY13jYWTU97c=
github.com/davecgh/go-spew v1.1.1/go.mod h1:J7Y8YcW2NihsgmVo/mv3lAwl/skON4iLHjSsI+c5H38=
github.com/decred/dcrd/dcrec/secp256k1/v4 v4.1.0 h1:HbphB4TFFXpv7MNrT52FGrrgVXF1owhMVTHFZIlnvd4=
github.com/decred/dcrd/dcrec/secp256k1/v4 v4.1.0/go.mod h1:DZGJHZMqrU4JJqFAWUS2UO1+lbSKsdiOoYi9Zzey7Fc=
github.com/ethereum/go-ethereum v1.13.4 h1:25HJnaWVg3q1O7Z62LaaI6S9wVq8QCw3K88g8wEzrcM=
github.com/ethereum/go-ethereum v1.13.4/go.mod h1:I0U5VewuuTzvBtVzKo7b3hJzDhXOUtn9mJW7SsIPB0Q=
github.com/holiman/uint256 v1.2.3 h1:K8UWO1HUJpRMXBxbmaY1Y8IAMZC/RsKB+ArEnnK4l5o=
github.com/holiman/uint256 v1.2.3/go.mod h1:SC8Ryt4n+UBbPbIBKaG9zbbDlp4jOru9xFZmPzLUTxw=
github.com/iancoleman/orderedmap v0.3.0 h1:5cbR2grmZR/DiVt+VJopEhtVs9YGInGIxAoMJn+Ichc=
github.com/iancoleman/orderedmap v0.3.0/go.mod h1:XuLcCUkdL5owUCQeF2Ue9uuw1EptkJDkXXS7VoV7XGE=
github.com/iotaledger/hive.go/constraints v0.0.0-20231018041106-de601c52d81a h1:0U3kTs3wFVinG+Hi23yTKQ8SBWXHlbGSxp7i54BYVHU=
github.com/iotaledger/hive.go/constraints v0.0.0-20231018041106-de601c52d81a/go.mod h1:dOBOM2s4se3HcWefPe8sQLUalGXJ8yVXw58oK8jke3s=
github.com/iotaledger/hive.go/ds v0.0.0-20231018041106-de601c52d81a h1:9MOqde0tVgDkcNUGgtSzH+CprWZ4rTUp5wfDtQ/MTA8=
github.com/iotaledger/hive.go/ds v0.0.0-20231018041106-de601c52d81a/go.mod h1:cZ+QdEnNrJCwNLNAVBz9ULGURIsIeDm1ru6oFTu8AYM=
github.com/iotaledger/hive.go/ierrors v0.0.0-20231018041106-de601c52d81a h1:rAeQpVMvuzkRCD0uw+eWVddIo4DA7u8Qs2NKqcmS6eU=
github.com/iotaledger/hive.go/ierrors v0.0.0-20231018041106-de601c52d81a/go.mod h1:HcE8B5lP96enc/OALTb2/rIIi+yOLouRoHOKRclKmC8=
github.com/iotaledger/hive.go/lo v0.0.0-20231018041106-de601c52d81a h1:y+8cmspF1WaPWlpKshsHSAjB1LPF3VJ3mq65rnecVc8=
github.com/iotaledger/hive.go/lo v0.0.0-20231018041106-de601c52d81a/go.mod h1:4oKCdMEhHMLCudBz79kuvJmgSY/DhfVePNIyJhew/80=
github.com/iotaledger/hive.go/serializer/v2 v2.0.0-rc.1.0.20231018041106-de601c52d81a h1:n7PNa8y3M9SsvqbnJvGVaY1OmzVNYnqDKDOvsPRIvtw=
github.com/iotaledger/hive.go/serializer/v2 v2.0.0-rc.1.0.20231018041106-de601c52d81a/go.mod h1:IJgaaxbgKCsNat18jlJJEAxCY2oVYR3F30B+M4vJ89I=
github.com/mr-tron/base58 v1.2.0 h1:T/HDJBh4ZCPbU39/+c3rRvE0uKBQlU27+QI8LJ4t64o=
github.com/mr-tron/base58 v1.2.0/go.mod h1:BinMc/sQntlIE1frQmRFPUoPA1Zkr8VRgBdjWI2mNwc=
github.com/pmezard/go-difflib v1.0.0 h1:4DBwDE0NGyQoBHbLQYPwSUPoCMWR5BEzIk/f1lZbAQM=
github.com/pmezard/go-difflib v1.0.0/go.mod h1:iKH77koFhYxTK1pcRnkKkqfTogsbg7gZNVY4sRDYZ/4=
github.com/stretchr/testify v1.8.4 h1:CcVxjf3Q8PM0mHUKJCdn+eZZtm5yQwehR5yeSVQQcUk=
github.com/stretchr/testify v1.8.4/go.mod h1:sz/lmYIOXD/1dqDmKjjqLyZ2RngseejIcXlSw2iwfAo=
golang.org/x/crypto v0.14.0 h1:wBqGXzWJW6m1XrIKlAH0Hs1JJ7+9KBwnIO8v66Q9cHc=
golang.org/x/crypto v0.14.0/go.mod h1:MVFd36DqK4CsrnJYDkBA3VC4m2GkXAM0PvzMCn4JQf4=
golang.org/x/sys v0.13.0 h1:Af8nKPmuFypiUBjVoU9V20FiaFXOcuZI21p0ycVYYGE=
golang.org/x/sys v0.13.0/go.mod h1:oPkhp1MJrh7nUepCBck5+mAzfO9JrbApNNgaTdGDITg=
gopkg.in/yaml.v3 v3.0.1 h1:fxVm/GzAzEWqLHuvctI91KS9hhNmmWOoWu0XTYJS7CA=
gopkg.in/yaml.v3 v3.0.1/go.mod h1:K4uyk7z7BCEPqu6E+C64Yfv1cQ7kz7rIZviUmN+EgEM=
