github.com/fbiville/markdown-table-formatter v0.3.0 h1:PIm1UNgJrFs8q1htGTw+wnnNYvwXQMMMIKNZop2SSho=
github.com/fbiville/markdown-table-formatter v0.3.0/go.mod h1:q89TDtSEVDdTaufgSbfHpNVdPU/bmfvqNkrC5HagmLY=
github.com/iancoleman/orderedmap v0.2.0 h1:sq1N/TFpYH++aViPcaKjys3bDClUEU7s5B+z6jq8pNA=
github.com/iancoleman/orderedmap v0.2.0/go.mod h1:N0Wam8K1arqPXNWjMo21EXnBPOPp36vB07FNRdD2geA=
github.com/spf13/pflag v1.0.5 h1:iy+VFUOCP1a+8yFto/drg2CJ5u0yRoB7fZw3DKv/JXA=
github.com/spf13/pflag v1.0.5/go.mod h1:McXfInJRrz4CZXVZOBLb0bTZqETkiAhM9Iw0y3An2Bg=
