github.com/davecgh/go-spew v1.1.1 h1:vj9j/u1bqnvCEfJOwUhtlOARqs3+rkHYY13jYWTU97c=
github.com/davecgh/go-spew v1.1.1/go.mod h1:J7Y8YcW2NihsgmVo/mv3lAwl/skON4iLHjSsI+c5H38=
github.com/iotaledger/hive.go/constraints v0.0.0-20231207181026-f482ac139305 h1:ar+IWfqO7B1M5+kuKGUJnfg0i/YuuM1oN5i8byp/F7A=
github.com/iotaledger/hive.go/constraints v0.0.0-20231207181026-f482ac139305/go.mod h1:dOBOM2s4se3HcWefPe8sQLUalGXJ8yVXw58oK8jke3s=
github.com/iotaledger/hive.go/ierrors v0.0.0-20231211131918-c92cca872a63 h1:xMBspdXNIJzq5yPYyBnG2ihQh4vfbULsj8GXWv5qp2s=
github.com/iotaledger/hive.go/ierrors v0.0.0-20231211131918-c92cca872a63/go.mod h1:HcE8B5lP96enc/OALTb2/rIIi+yOLouRoHOKRclKmC8=
github.com/iotaledger/hive.go/lo v0.0.0-20231211131918-c92cca872a63 h1:sPMhTWkAOoCAOXRR/jOyIH5YEH0V44uX/hh2NjJqL0E=
github.com/iotaledger/hive.go/lo v0.0.0-20231211131918-c92cca872a63/go.mod h1:ETXGXymFyNcUq2t4I9e7ZK18f9bxUWYat4pjZ9W0rWc=
github.com/pmezard/go-difflib v1.0.0 h1:4DBwDE0NGyQoBHbLQYPwSUPoCMWR5BEzIk/f1lZbAQM=
github.com/pmezard/go-difflib v1.0.0/go.mod h1:iKH77koFhYxTK1pcRnkKkqfTogsbg7gZNVY4sRDYZ/4=
github.com/stretchr/testify v1.8.4 h1:CcVxjf3Q8PM0mHUKJCdn+eZZtm5yQwehR5yeSVQQcUk=
github.com/stretchr/testify v1.8.4/go.mod h1:sz/lmYIOXD/1dqDmKjjqLyZ2RngseejIcXlSw2iwfAo=
gopkg.in/yaml.v3 v3.0.1 h1:fxVm/GzAzEWqLHuvctI91KS9hhNmmWOoWu0XTYJS7CA=
gopkg.in/yaml.v3 v3.0.1/go.mod h1:K4uyk7z7BCEPqu6E+C64Yfv1cQ7kz7rIZviUmN+EgEM=
