github.com/davecgh/go-spew v1.1.1 h1:vj9j/u1bqnvCEfJOwUhtlOARqs3+rkHYY13jYWTU97c=
github.com/davecgh/go-spew v1.1.1/go.mod h1:J7Y8YcW2NihsgmVo/mv3lAwl/skON4iLHjSsI+c5H38=
github.com/iotaledger/hive.go/constraints v0.0.0-20231107225803-f89acd088c10 h1:CJ9nehCDKqFo3sJLMnybx0/AvmdXq6dau5qFr+pivUc=
github.com/iotaledger/hive.go/constraints v0.0.0-20231107225803-f89acd088c10/go.mod h1:dOBOM2s4se3HcWefPe8sQLUalGXJ8yVXw58oK8jke3s=
github.com/iotaledger/hive.go/ierrors v0.0.0-20231108044237-5731e50d3660 h1:v6Edaosj7yifZCLrKRJb0QmCNAluG39VTVScDwGyaRE=
github.com/iotaledger/hive.go/ierrors v0.0.0-20231108044237-5731e50d3660/go.mod h1:HcE8B5lP96enc/OALTb2/rIIi+yOLouRoHOKRclKmC8=
github.com/iotaledger/hive.go/lo v0.0.0-20231108044237-5731e50d3660 h1:uLsdYCIByMT8I9008iuOEyj5JWZFOJuPctdTSi55A3E=
github.com/iotaledger/hive.go/lo v0.0.0-20231108044237-5731e50d3660/go.mod h1:lFKoK3stQVscy4k6+Cqd3Chq6u65JoTRhfhzJsmKyY8=
github.com/pmezard/go-difflib v1.0.0 h1:4DBwDE0NGyQoBHbLQYPwSUPoCMWR5BEzIk/f1lZbAQM=
github.com/pmezard/go-difflib v1.0.0/go.mod h1:iKH77koFhYxTK1pcRnkKkqfTogsbg7gZNVY4sRDYZ/4=
github.com/stretchr/testify v1.8.4 h1:CcVxjf3Q8PM0mHUKJCdn+eZZtm5yQwehR5yeSVQQcUk=
github.com/stretchr/testify v1.8.4/go.mod h1:sz/lmYIOXD/1dqDmKjjqLyZ2RngseejIcXlSw2iwfAo=
gopkg.in/yaml.v3 v3.0.1 h1:fxVm/GzAzEWqLHuvctI91KS9hhNmmWOoWu0XTYJS7CA=
gopkg.in/yaml.v3 v3.0.1/go.mod h1:K4uyk7z7BCEPqu6E+C64Yfv1cQ7kz7rIZviUmN+EgEM=
