github.com/davecgh/go-spew v1.1.1 h1:vj9j/u1bqnvCEfJOwUhtlOARqs3+rkHYY13jYWTU97c=
github.com/iotaledger/hive.go/constraints v0.0.0-20230801113032-46f01c898d87 h1:rZG3HGY81q2aVcphYpMGeDRFSyul+fCEQwN4bw9oAHk=
github.com/iotaledger/hive.go/constraints v0.0.0-20230801113032-46f01c898d87/go.mod h1:bvXXc6quBdERMMKnirr2+iQU4WnTz4KDbdHcusW9Ats=
github.com/iotaledger/hive.go/ierrors v0.0.0-20230801122250-b693e94400fd h1:3XojBtT04xV+/uw7h9uUa7z1N8wPZhTOgVQQLXrK8XM=
github.com/iotaledger/hive.go/ierrors v0.0.0-20230801122250-b693e94400fd/go.mod h1:aMfXyyUB+ODjZB2Q1CdSUSWIFbhvIWnVlBZWkJ2T0Uw=
github.com/iotaledger/hive.go/lo v0.0.0-20230801122250-b693e94400fd h1:5aAt2duyl4hUsfiKLGeBIQ+A4kMcDtsZs014+5ScKUs=
github.com/iotaledger/hive.go/lo v0.0.0-20230801122250-b693e94400fd/go.mod h1:ifq37SJuxDTebdgdn0MsPmAByBYGSj41YYxQzvgCajA=
github.com/pmezard/go-difflib v1.0.0 h1:4DBwDE0NGyQoBHbLQYPwSUPoCMWR5BEzIk/f1lZbAQM=
github.com/stretchr/testify v1.8.4 h1:CcVxjf3Q8PM0mHUKJCdn+eZZtm5yQwehR5yeSVQQcUk=
gopkg.in/yaml.v3 v3.0.1 h1:fxVm/GzAzEWqLHuvctI91KS9hhNmmWOoWu0XTYJS7CA=
