github.com/creack/pty v1.1.9/go.mod h1:oKZEueFk5CKHvIhNR5MUki03XCEU+Q6VDXinZuGJ33E=
github.com/davecgh/go-spew v1.1.1 h1:vj9j/u1bqnvCEfJOwUhtlOARqs3+rkHYY13jYWTU97c=
github.com/davecgh/go-spew v1.1.1/go.mod h1:J7Y8YcW2NihsgmVo/mv3lAwl/skON4iLHjSsI+c5H38=
github.com/iotaledger/hive.go/constraints v0.0.0-20240214174841-970d8283188e h1:VqhaNGbhs9IHDNjLgj939g38wm5SZnvyq1tIgvaCQts=
github.com/iotaledger/hive.go/constraints v0.0.0-20240214174841-970d8283188e/go.mod h1:dOBOM2s4se3HcWefPe8sQLUalGXJ8yVXw58oK8jke3s=
github.com/iotaledger/hive.go/crypto v0.0.0-20240214174841-970d8283188e h1:TKYUkv5RXufYpjPRlx5W6wQylqhUkjFi2t1D108CZmE=
github.com/iotaledger/hive.go/crypto v0.0.0-20240214174841-970d8283188e/go.mod h1:ECGlcMlvm7hO5L9etoXCILu9et9PeZOyY1WQiXP6ohs=
github.com/iotaledger/hive.go/ds v0.0.0-20240214174841-970d8283188e h1:uu3iJcXqRam2gZ2eJuQUqeID/3kAUdiQR2lEuhPIo6Q=
github.com/iotaledger/hive.go/ds v0.0.0-20240214174841-970d8283188e/go.mod h1:UxnYEJlWz87/hQxmSngDwAxPjFqbTgnDpDczL8mqXVk=
github.com/iotaledger/hive.go/ierrors v0.0.0-20240214174841-970d8283188e h1:eiSInQyK39sFvCVNdSx0t3WJuuzr0zAvb7OXL+u4aOE=
github.com/iotaledger/hive.go/ierrors v0.0.0-20240214174841-970d8283188e/go.mod h1:HcE8B5lP96enc/OALTb2/rIIi+yOLouRoHOKRclKmC8=
github.com/iotaledger/hive.go/lo v0.0.0-20240214174841-970d8283188e h1:cB2wkTyrBSLChNNKEeV9iKta5vMhkKofxkGX3B6ZI1E=
github.com/iotaledger/hive.go/lo v0.0.0-20240214174841-970d8283188e/go.mod h1:emwj7JQEo+BOIxtkcQwfr9x4MgmdHcDMjxFZohJ+sIk=
github.com/iotaledger/hive.go/runtime v0.0.0-20240214174841-970d8283188e h1:8pDmhYfeqoO2WU09jYzhKM5U5AZt7sSVr2mi1NXee6Q=
github.com/iotaledger/hive.go/runtime v0.0.0-20240214174841-970d8283188e/go.mod h1:DAl3k9cClMCxIWbGQX44mdV3ZExly2kJW979G0bZ3cU=
github.com/iotaledger/hive.go/stringify v0.0.0-20240214174841-970d8283188e h1:7fjmZ5SbA6LbzPwricttM6JGOaOmUSnOlQyVlU0O9uY=
github.com/iotaledger/hive.go/stringify v0.0.0-20240214174841-970d8283188e/go.mod h1:FTo/UWzNYgnQ082GI9QVM9HFDERqf9rw9RivNpqrnTs=
github.com/kr/pretty v0.3.1 h1:flRD4NNwYAUpkphVc1HcthR4KEIFJ65n8Mw5qdRn3LE=
github.com/kr/pretty v0.3.1/go.mod h1:hoEshYVHaxMs3cyo3Yncou5ZscifuDolrwPKZanG3xk=
github.com/kr/text v0.2.0 h1:5Nx0Ya0ZqY2ygV366QzturHI13Jq95ApcVaJBhpS+AY=
github.com/kr/text v0.2.0/go.mod h1:eLer722TekiGuMkidMxC/pM04lWEeraHUUmBw8l2grE=
github.com/mr-tron/base58 v1.2.0 h1:T/HDJBh4ZCPbU39/+c3rRvE0uKBQlU27+QI8LJ4t64o=
github.com/mr-tron/base58 v1.2.0/go.mod h1:BinMc/sQntlIE1frQmRFPUoPA1Zkr8VRgBdjWI2mNwc=
github.com/petermattis/goid v0.0.0-20180202154549-b0b1615b78e5/go.mod h1:jvVRKCrJTQWu0XVbaOlby/2lO20uSCHEMzzplHXte1o=
github.com/petermattis/goid v0.0.0-20231207134359-e60b3f734c67 h1:jik8PHtAIsPlCRJjJzl4udgEf7hawInF9texMeO2jrU=
github.com/petermattis/goid v0.0.0-20231207134359-e60b3f734c67/go.mod h1:pxMtw7cyUw6B2bRH0ZBANSPg+AoSud1I1iyJHI69jH4=
github.com/pmezard/go-difflib v1.0.0 h1:4DBwDE0NGyQoBHbLQYPwSUPoCMWR5BEzIk/f1lZbAQM=
github.com/pmezard/go-difflib v1.0.0/go.mod h1:iKH77koFhYxTK1pcRnkKkqfTogsbg7gZNVY4sRDYZ/4=
github.com/rogpeppe/go-internal v1.10.0 h1:TMyTOH3F/DB16zRVcYyreMH6GnZZrwQVAoYjRBZyWFQ=
github.com/rogpeppe/go-internal v1.10.0/go.mod h1:UQnix2H7Ngw/k4C5ijL5+65zddjncjaFoBhdsK/akog=
github.com/sasha-s/go-deadlock v0.3.1 h1:sqv7fDNShgjcaxkO0JNcOAlr8B9+cV5Ey/OB71efZx0=
github.com/sasha-s/go-deadlock v0.3.1/go.mod h1:F73l+cr82YSh10GxyRI6qZiCgK64VaZjwesgfQ1/iLM=
github.com/stretchr/testify v1.8.4 h1:CcVxjf3Q8PM0mHUKJCdn+eZZtm5yQwehR5yeSVQQcUk=
github.com/stretchr/testify v1.8.4/go.mod h1:sz/lmYIOXD/1dqDmKjjqLyZ2RngseejIcXlSw2iwfAo=
gopkg.in/check.v1 v0.0.0-20161208181325-20d25e280405/go.mod h1:Co6ibVJAznAaIkqp8huTwlJQCZ016jof/cbN4VW5Yz0=
gopkg.in/check.v1 v1.0.0-20190902080502-41f04d3bba15 h1:YR8cESwS4TdDjEe65xsg0ogRM/Nc3DYOhEAlW+xobZo=
gopkg.in/check.v1 v1.0.0-20190902080502-41f04d3bba15/go.mod h1:Co6ibVJAznAaIkqp8huTwlJQCZ016jof/cbN4VW5Yz0=
gopkg.in/yaml.v3 v3.0.1 h1:fxVm/GzAzEWqLHuvctI91KS9hhNmmWOoWu0XTYJS7CA=
gopkg.in/yaml.v3 v3.0.1/go.mod h1:K4uyk7z7BCEPqu6E+C64Yfv1cQ7kz7rIZviUmN+EgEM=
