github.com/creack/pty v1.1.9/go.mod h1:oKZEueFk5CKHvIhNR5MUki03XCEU+Q6VDXinZuGJ33E=
github.com/davecgh/go-spew v1.1.1 h1:vj9j/u1bqnvCEfJOwUhtlOARqs3+rkHYY13jYWTU97c=
github.com/davecgh/go-spew v1.1.1/go.mod h1:J7Y8YcW2NihsgmVo/mv3lAwl/skON4iLHjSsI+c5H38=
github.com/iotaledger/hive.go/constraints v0.0.0-20240315104458-b689cbcfddbd h1:O35lbQcbEmgycIDWKYzyvnEeN6GcHlx76YknqGPnVPA=
github.com/iotaledger/hive.go/constraints v0.0.0-20240315104458-b689cbcfddbd/go.mod h1:JF7jjkL6tSUOXm23SWadBzBrl7eJk1DQRLc/fNoVZ+o=
github.com/iotaledger/hive.go/crypto v0.0.0-20240315104458-b689cbcfddbd h1:pQQGxs8hJ8CIYA37QVGoOeAEZDBnA/OiH4iGVpwX1kA=
github.com/iotaledger/hive.go/crypto v0.0.0-20240315104458-b689cbcfddbd/go.mod h1:aREIB19gIhSYdY0Hl/37sg1JRH7+j3ajeJxBIQf6mig=
github.com/iotaledger/hive.go/ds v0.0.0-20240315104458-b689cbcfddbd h1:q7nvD+1SMBX1GjhnlzldAnyyEeFgdBfaeoq3e+qf0mM=
github.com/iotaledger/hive.go/ds v0.0.0-20240315104458-b689cbcfddbd/go.mod h1:wfjeJj9B+MM/3yeUHfvT8Gj8bRsdl9utyh2dZg+1+B0=
github.com/iotaledger/hive.go/ierrors v0.0.0-20240315104458-b689cbcfddbd h1:nvQc2sjO2G3yMiuVWY/iJkyAAHjxgM/2qEZ4wxmXm0s=
github.com/iotaledger/hive.go/ierrors v0.0.0-20240315104458-b689cbcfddbd/go.mod h1:GQY0/35sjgT9Poi1Vrs9kFVvAkuKzGXfVh4j6CBXsAA=
github.com/iotaledger/hive.go/lo v0.0.0-20240315104458-b689cbcfddbd h1:bUWLJquwEJXEo93J29R9JsLBHb/d3r++SCuKVhfsNJc=
github.com/iotaledger/hive.go/lo v0.0.0-20240315104458-b689cbcfddbd/go.mod h1:67oLzWYiBLGt5PN7IBVHdbt9P6oBYCx9UvMEL8ExDAc=
github.com/iotaledger/hive.go/runtime v0.0.0-20240315104458-b689cbcfddbd h1:+HDX4N/l7geVOZTIICG/6Znrujek+qO2YClXp/ghTAI=
github.com/iotaledger/hive.go/runtime v0.0.0-20240315104458-b689cbcfddbd/go.mod h1:OKoOmZd+qDjm0WsisIB5FYbKhMm5iPx4/mDJL/8SjsU=
github.com/iotaledger/hive.go/stringify v0.0.0-20240315104458-b689cbcfddbd h1:pgBMXWsZ2oEoPOSPv4Ycq2Ygy0qt7UNx0B39HhV7Z1E=
github.com/iotaledger/hive.go/stringify v0.0.0-20240315104458-b689cbcfddbd/go.mod h1:O4p7UmsfoeLqtAUwrKbq0lXMxjY/MLQSpZSavvvvGig=
github.com/kr/pretty v0.3.1 h1:flRD4NNwYAUpkphVc1HcthR4KEIFJ65n8Mw5qdRn3LE=
github.com/kr/pretty v0.3.1/go.mod h1:hoEshYVHaxMs3cyo3Yncou5ZscifuDolrwPKZanG3xk=
github.com/kr/text v0.2.0 h1:5Nx0Ya0ZqY2ygV366QzturHI13Jq95ApcVaJBhpS+AY=
github.com/kr/text v0.2.0/go.mod h1:eLer722TekiGuMkidMxC/pM04lWEeraHUUmBw8l2grE=
github.com/mr-tron/base58 v1.2.0 h1:T/HDJBh4ZCPbU39/+c3rRvE0uKBQlU27+QI8LJ4t64o=
github.com/mr-tron/base58 v1.2.0/go.mod h1:BinMc/sQntlIE1frQmRFPUoPA1Zkr8VRgBdjWI2mNwc=
github.com/petermattis/goid v0.0.0-20180202154549-b0b1615b78e5/go.mod h1:jvVRKCrJTQWu0XVbaOlby/2lO20uSCHEMzzplHXte1o=
github.com/petermattis/goid v0.0.0-20231207134359-e60b3f734c67 h1:jik8PHtAIsPlCRJjJzl4udgEf7hawInF9texMeO2jrU=
github.com/petermattis/goid v0.0.0-20231207134359-e60b3f734c67/go.mod h1:pxMtw7cyUw6B2bRH0ZBANSPg+AoSud1I1iyJHI69jH4=
github.com/pmezard/go-difflib v1.0.0 h1:4DBwDE0NGyQoBHbLQYPwSUPoCMWR5BEzIk/f1lZbAQM=
github.com/pmezard/go-difflib v1.0.0/go.mod h1:iKH77koFhYxTK1pcRnkKkqfTogsbg7gZNVY4sRDYZ/4=
github.com/rogpeppe/go-internal v1.10.0 h1:TMyTOH3F/DB16zRVcYyreMH6GnZZrwQVAoYjRBZyWFQ=
github.com/rogpeppe/go-internal v1.10.0/go.mod h1:UQnix2H7Ngw/k4C5ijL5+65zddjncjaFoBhdsK/akog=
github.com/sasha-s/go-deadlock v0.3.1 h1:sqv7fDNShgjcaxkO0JNcOAlr8B9+cV5Ey/OB71efZx0=
github.com/sasha-s/go-deadlock v0.3.1/go.mod h1:F73l+cr82YSh10GxyRI6qZiCgK64VaZjwesgfQ1/iLM=
github.com/stretchr/testify v1.8.4 h1:CcVxjf3Q8PM0mHUKJCdn+eZZtm5yQwehR5yeSVQQcUk=
github.com/stretchr/testify v1.8.4/go.mod h1:sz/lmYIOXD/1dqDmKjjqLyZ2RngseejIcXlSw2iwfAo=
gopkg.in/check.v1 v0.0.0-20161208181325-20d25e280405/go.mod h1:Co6ibVJAznAaIkqp8huTwlJQCZ016jof/cbN4VW5Yz0=
gopkg.in/check.v1 v1.0.0-20190902080502-41f04d3bba15 h1:YR8cESwS4TdDjEe65xsg0ogRM/Nc3DYOhEAlW+xobZo=
gopkg.in/check.v1 v1.0.0-20190902080502-41f04d3bba15/go.mod h1:Co6ibVJAznAaIkqp8huTwlJQCZ016jof/cbN4VW5Yz0=
gopkg.in/yaml.v3 v3.0.1 h1:fxVm/GzAzEWqLHuvctI91KS9hhNmmWOoWu0XTYJS7CA=
gopkg.in/yaml.v3 v3.0.1/go.mod h1:K4uyk7z7BCEPqu6E+C64Yfv1cQ7kz7rIZviUmN+EgEM=
