github.com/creack/pty v1.1.9/go.mod h1:oKZEueFk5CKHvIhNR5MUki03XCEU+Q6VDXinZuGJ33E=
github.com/davecgh/go-spew v1.1.1 h1:vj9j/u1bqnvCEfJOwUhtlOARqs3+rkHYY13jYWTU97c=
github.com/davecgh/go-spew v1.1.1/go.mod h1:J7Y8YcW2NihsgmVo/mv3lAwl/skON4iLHjSsI+c5H38=
github.com/iotaledger/hive.go/constraints v0.0.0-20240124160459-545be4f4f319 h1:1+5J76WyEd4AMAdfWZ65LTX0qVVMr8B0uVYs1TT0aas=
github.com/iotaledger/hive.go/constraints v0.0.0-20240124160459-545be4f4f319/go.mod h1:dOBOM2s4se3HcWefPe8sQLUalGXJ8yVXw58oK8jke3s=
github.com/iotaledger/hive.go/crypto v0.0.0-20240124160459-545be4f4f319 h1:UVVX/Hobv7Jd7SO5NkpPbt5SOw743vEucYNhx+QuocQ=
github.com/iotaledger/hive.go/crypto v0.0.0-20240124160459-545be4f4f319/go.mod h1:WG9Oa9MjZZRjAlF32w5udxNpZfnPXb4fRI9cvDumLDo=
github.com/iotaledger/hive.go/ds v0.0.0-20240124160459-545be4f4f319 h1:L4uRj4if6vnozugqL/GfGWxS6t9diX2aBCyzOUv2GDQ=
github.com/iotaledger/hive.go/ds v0.0.0-20240124160459-545be4f4f319/go.mod h1:mF8UjtjvtFmmpxz0LJK0bF4rpEZU/THEZrkwT6oFZPk=
github.com/iotaledger/hive.go/ierrors v0.0.0-20240124160459-545be4f4f319 h1:d4rFgMVWTCvIKH2rbAWCkXFXDw/xvMfuZnNkFYRw3DE=
github.com/iotaledger/hive.go/ierrors v0.0.0-20240124160459-545be4f4f319/go.mod h1:HcE8B5lP96enc/OALTb2/rIIi+yOLouRoHOKRclKmC8=
github.com/iotaledger/hive.go/lo v0.0.0-20240124160459-545be4f4f319 h1:Wtb4K7nPGnbJVJMzQHG0NhaMSMM4gasmt+ou+FhLwo0=
github.com/iotaledger/hive.go/lo v0.0.0-20240124160459-545be4f4f319/go.mod h1:K40QstiBDbWTYHRczVVuCIbkTstpsJ/0suyFhWnR1Dw=
github.com/iotaledger/hive.go/runtime v0.0.0-20240124160459-545be4f4f319 h1:qjsyrfJnpKuXSuUKUAPInAzM/cjlWNa7ePn+qzTeDUA=
github.com/iotaledger/hive.go/runtime v0.0.0-20240124160459-545be4f4f319/go.mod h1:+AgPOfvlzPCsA78rvMp2zdw0tdiaaOCEcFQCjaY2gz4=
github.com/iotaledger/hive.go/stringify v0.0.0-20240124160459-545be4f4f319 h1:Am/3qjQmDYG5S+OJ4bw/mfJGe27nGOtImd19IPsKp8w=
github.com/iotaledger/hive.go/stringify v0.0.0-20240124160459-545be4f4f319/go.mod h1:FTo/UWzNYgnQ082GI9QVM9HFDERqf9rw9RivNpqrnTs=
github.com/kr/pretty v0.3.1 h1:flRD4NNwYAUpkphVc1HcthR4KEIFJ65n8Mw5qdRn3LE=
github.com/kr/pretty v0.3.1/go.mod h1:hoEshYVHaxMs3cyo3Yncou5ZscifuDolrwPKZanG3xk=
github.com/kr/text v0.2.0 h1:5Nx0Ya0ZqY2ygV366QzturHI13Jq95ApcVaJBhpS+AY=
github.com/kr/text v0.2.0/go.mod h1:eLer722TekiGuMkidMxC/pM04lWEeraHUUmBw8l2grE=
github.com/mr-tron/base58 v1.2.0 h1:T/HDJBh4ZCPbU39/+c3rRvE0uKBQlU27+QI8LJ4t64o=
github.com/mr-tron/base58 v1.2.0/go.mod h1:BinMc/sQntlIE1frQmRFPUoPA1Zkr8VRgBdjWI2mNwc=
github.com/petermattis/goid v0.0.0-20180202154549-b0b1615b78e5/go.mod h1:jvVRKCrJTQWu0XVbaOlby/2lO20uSCHEMzzplHXte1o=
github.com/petermattis/goid v0.0.0-20231207134359-e60b3f734c67 h1:jik8PHtAIsPlCRJjJzl4udgEf7hawInF9texMeO2jrU=
github.com/petermattis/goid v0.0.0-20231207134359-e60b3f734c67/go.mod h1:pxMtw7cyUw6B2bRH0ZBANSPg+AoSud1I1iyJHI69jH4=
github.com/pmezard/go-difflib v1.0.0 h1:4DBwDE0NGyQoBHbLQYPwSUPoCMWR5BEzIk/f1lZbAQM=
github.com/pmezard/go-difflib v1.0.0/go.mod h1:iKH77koFhYxTK1pcRnkKkqfTogsbg7gZNVY4sRDYZ/4=
github.com/rogpeppe/go-internal v1.10.0 h1:TMyTOH3F/DB16zRVcYyreMH6GnZZrwQVAoYjRBZyWFQ=
github.com/rogpeppe/go-internal v1.10.0/go.mod h1:UQnix2H7Ngw/k4C5ijL5+65zddjncjaFoBhdsK/akog=
github.com/sasha-s/go-deadlock v0.3.1 h1:sqv7fDNShgjcaxkO0JNcOAlr8B9+cV5Ey/OB71efZx0=
github.com/sasha-s/go-deadlock v0.3.1/go.mod h1:F73l+cr82YSh10GxyRI6qZiCgK64VaZjwesgfQ1/iLM=
github.com/stretchr/testify v1.8.4 h1:CcVxjf3Q8PM0mHUKJCdn+eZZtm5yQwehR5yeSVQQcUk=
github.com/stretchr/testify v1.8.4/go.mod h1:sz/lmYIOXD/1dqDmKjjqLyZ2RngseejIcXlSw2iwfAo=
gopkg.in/check.v1 v0.0.0-20161208181325-20d25e280405/go.mod h1:Co6ibVJAznAaIkqp8huTwlJQCZ016jof/cbN4VW5Yz0=
gopkg.in/check.v1 v1.0.0-20190902080502-41f04d3bba15 h1:YR8cESwS4TdDjEe65xsg0ogRM/Nc3DYOhEAlW+xobZo=
gopkg.in/check.v1 v1.0.0-20190902080502-41f04d3bba15/go.mod h1:Co6ibVJAznAaIkqp8huTwlJQCZ016jof/cbN4VW5Yz0=
gopkg.in/yaml.v3 v3.0.1 h1:fxVm/GzAzEWqLHuvctI91KS9hhNmmWOoWu0XTYJS7CA=
gopkg.in/yaml.v3 v3.0.1/go.mod h1:K4uyk7z7BCEPqu6E+C64Yfv1cQ7kz7rIZviUmN+EgEM=
