github.com/davecgh/go-spew v1.1.1 h1:vj9j/u1bqnvCEfJOwUhtlOARqs3+rkHYY13jYWTU97c=
github.com/davecgh/go-spew v1.1.1/go.mod h1:J7Y8YcW2NihsgmVo/mv3lAwl/skON4iLHjSsI+c5H38=
github.com/iotaledger/hive.go/constraints v0.0.0-20230802094910-ee406a79dbfa h1:JzLZ2FU6o7XH+7+jnH/HDvhGlTA0AMNl9afganEVFAU=
github.com/iotaledger/hive.go/constraints v0.0.0-20230802094910-ee406a79dbfa/go.mod h1:bvXXc6quBdERMMKnirr2+iQU4WnTz4KDbdHcusW9Ats=
github.com/iotaledger/hive.go/ierrors v0.0.0-20230802094910-ee406a79dbfa h1:Bh0yTpzSIBAN/VxUBLfNa2orG2jA4Sxipe/EaedhFK4=
github.com/iotaledger/hive.go/ierrors v0.0.0-20230802094910-ee406a79dbfa/go.mod h1:aMfXyyUB+ODjZB2Q1CdSUSWIFbhvIWnVlBZWkJ2T0Uw=
github.com/pmezard/go-difflib v1.0.0 h1:4DBwDE0NGyQoBHbLQYPwSUPoCMWR5BEzIk/f1lZbAQM=
github.com/pmezard/go-difflib v1.0.0/go.mod h1:iKH77koFhYxTK1pcRnkKkqfTogsbg7gZNVY4sRDYZ/4=
github.com/stretchr/testify v1.8.4 h1:CcVxjf3Q8PM0mHUKJCdn+eZZtm5yQwehR5yeSVQQcUk=
github.com/stretchr/testify v1.8.4/go.mod h1:sz/lmYIOXD/1dqDmKjjqLyZ2RngseejIcXlSw2iwfAo=
gopkg.in/check.v1 v0.0.0-20161208181325-20d25e280405 h1:yhCVgyC4o1eVCa2tZl7eS0r+SDo693bJlVdllGtEeKM=
gopkg.in/check.v1 v0.0.0-20161208181325-20d25e280405/go.mod h1:Co6ibVJAznAaIkqp8huTwlJQCZ016jof/cbN4VW5Yz0=
gopkg.in/yaml.v3 v3.0.1 h1:fxVm/GzAzEWqLHuvctI91KS9hhNmmWOoWu0XTYJS7CA=
gopkg.in/yaml.v3 v3.0.1/go.mod h1:K4uyk7z7BCEPqu6E+C64Yfv1cQ7kz7rIZviUmN+EgEM=
