github.com/creack/pty v1.1.9/go.mod h1:oKZEueFk5CKHvIhNR5MUki03XCEU+Q6VDXinZuGJ33E=
github.com/davecgh/go-spew v1.1.1 h1:vj9j/u1bqnvCEfJOwUhtlOARqs3+rkHYY13jYWTU97c=
github.com/davecgh/go-spew v1.1.1/go.mod h1:J7Y8YcW2NihsgmVo/mv3lAwl/skON4iLHjSsI+c5H38=
github.com/iotaledger/hive.go/constraints v0.0.0-20240216130410-d264bd906c9c h1:QTY62BAM+TzFQfZ6bZVWXvM3WcoRnSgEfUd/vCLbapc=
github.com/iotaledger/hive.go/constraints v0.0.0-20240216130410-d264bd906c9c/go.mod h1:JF7jjkL6tSUOXm23SWadBzBrl7eJk1DQRLc/fNoVZ+o=
github.com/iotaledger/hive.go/ds v0.0.0-20240216130410-d264bd906c9c h1:8IT1C7FKYfUIqETtAHhkQ2VdbRPVc0INi9rJgdslbCM=
github.com/iotaledger/hive.go/ds v0.0.0-20240216130410-d264bd906c9c/go.mod h1:sE/HabIH9FWTvgaHioLN6o4rrxFMf4BuqRQwloxcamo=
github.com/iotaledger/hive.go/ierrors v0.0.0-20240216130410-d264bd906c9c h1:464oT0qW/OYHhFpdU2o/b/Evd/00rrA7E5IeeTEiDaQ=
github.com/iotaledger/hive.go/ierrors v0.0.0-20240216130410-d264bd906c9c/go.mod h1:GQY0/35sjgT9Poi1Vrs9kFVvAkuKzGXfVh4j6CBXsAA=
github.com/iotaledger/hive.go/kvstore v0.0.0-20240216130410-d264bd906c9c h1:nls4l3MAD2lhCtTC2hXG4FKdEzwwmRIw593EXNKwwAc=
github.com/iotaledger/hive.go/kvstore v0.0.0-20240216130410-d264bd906c9c/go.mod h1:vgJh/0OelY+SHdWsdo0kXOYciHu8UA9OAi2FbJgVQsc=
github.com/iotaledger/hive.go/lo v0.0.0-20240216130410-d264bd906c9c h1:5FEiZoteMwBPeMEZnAkSTP3I8s9ANcyayMySrHs80Kk=
github.com/iotaledger/hive.go/lo v0.0.0-20240216130410-d264bd906c9c/go.mod h1:0ycE1W59kkNjQ87odL6H4x5Ik9bXhbNk88wmo+mIYt0=
github.com/iotaledger/hive.go/runtime v0.0.0-20240216130410-d264bd906c9c h1:aDeW5cdDz9AHoN3nzC7BplwDW+Ud6t85bn+41s0MTB0=
github.com/iotaledger/hive.go/runtime v0.0.0-20240216130410-d264bd906c9c/go.mod h1:lAR3vbqE9g65M9VwWHiaXab2q+d89dBOFjhKgnDfK7c=
github.com/iotaledger/hive.go/serializer/v2 v2.0.0-rc.1.0.20240216130410-d264bd906c9c h1:9qRXZZ79OLEyednwl3kG+40+HV789N6Oed5WutcYgKE=
github.com/iotaledger/hive.go/serializer/v2 v2.0.0-rc.1.0.20240216130410-d264bd906c9c/go.mod h1:yXQNGZUz++dB1T9RAHhWSresuTLzTC856ntdins9ivo=
github.com/iotaledger/hive.go/stringify v0.0.0-20240216130410-d264bd906c9c h1:PX6PD5xnPI9Of3EbhBwn7MLe2jA25mkUUmiNXMwxS4s=
github.com/iotaledger/hive.go/stringify v0.0.0-20240216130410-d264bd906c9c/go.mod h1:O4p7UmsfoeLqtAUwrKbq0lXMxjY/MLQSpZSavvvvGig=
github.com/kr/pretty v0.3.1 h1:flRD4NNwYAUpkphVc1HcthR4KEIFJ65n8Mw5qdRn3LE=
github.com/kr/pretty v0.3.1/go.mod h1:hoEshYVHaxMs3cyo3Yncou5ZscifuDolrwPKZanG3xk=
github.com/kr/text v0.2.0 h1:5Nx0Ya0ZqY2ygV366QzturHI13Jq95ApcVaJBhpS+AY=
github.com/kr/text v0.2.0/go.mod h1:eLer722TekiGuMkidMxC/pM04lWEeraHUUmBw8l2grE=
github.com/petermattis/goid v0.0.0-20180202154549-b0b1615b78e5/go.mod h1:jvVRKCrJTQWu0XVbaOlby/2lO20uSCHEMzzplHXte1o=
github.com/petermattis/goid v0.0.0-20231207134359-e60b3f734c67 h1:jik8PHtAIsPlCRJjJzl4udgEf7hawInF9texMeO2jrU=
github.com/petermattis/goid v0.0.0-20231207134359-e60b3f734c67/go.mod h1:pxMtw7cyUw6B2bRH0ZBANSPg+AoSud1I1iyJHI69jH4=
github.com/pmezard/go-difflib v1.0.0 h1:4DBwDE0NGyQoBHbLQYPwSUPoCMWR5BEzIk/f1lZbAQM=
github.com/pmezard/go-difflib v1.0.0/go.mod h1:iKH77koFhYxTK1pcRnkKkqfTogsbg7gZNVY4sRDYZ/4=
github.com/pokt-network/smt v0.9.2 h1:h/GnFm1F6mNBbF1hopr+9+y7nr173SU55NX7NxTVU0Y=
github.com/pokt-network/smt v0.9.2/go.mod h1:S4Ho4OPkK2v2vUCHNtA49XDjqUC/OFYpBbynRVYmxvA=
github.com/rogpeppe/go-internal v1.11.0 h1:cWPaGQEPrBb5/AsnsZesgZZ9yb1OQ+GOISoDNXVBh4M=
github.com/rogpeppe/go-internal v1.11.0/go.mod h1:ddIwULY96R17DhadqLgMfk9H9tvdUzkipdSkR5nkCZA=
github.com/sasha-s/go-deadlock v0.3.1 h1:sqv7fDNShgjcaxkO0JNcOAlr8B9+cV5Ey/OB71efZx0=
github.com/sasha-s/go-deadlock v0.3.1/go.mod h1:F73l+cr82YSh10GxyRI6qZiCgK64VaZjwesgfQ1/iLM=
github.com/stretchr/testify v1.8.4 h1:CcVxjf3Q8PM0mHUKJCdn+eZZtm5yQwehR5yeSVQQcUk=
github.com/stretchr/testify v1.8.4/go.mod h1:sz/lmYIOXD/1dqDmKjjqLyZ2RngseejIcXlSw2iwfAo=
gopkg.in/check.v1 v0.0.0-20161208181325-20d25e280405/go.mod h1:Co6ibVJAznAaIkqp8huTwlJQCZ016jof/cbN4VW5Yz0=
gopkg.in/check.v1 v1.0.0-20190902080502-41f04d3bba15 h1:YR8cESwS4TdDjEe65xsg0ogRM/Nc3DYOhEAlW+xobZo=
gopkg.in/check.v1 v1.0.0-20190902080502-41f04d3bba15/go.mod h1:Co6ibVJAznAaIkqp8huTwlJQCZ016jof/cbN4VW5Yz0=
gopkg.in/yaml.v3 v3.0.1 h1:fxVm/GzAzEWqLHuvctI91KS9hhNmmWOoWu0XTYJS7CA=
gopkg.in/yaml.v3 v3.0.1/go.mod h1:K4uyk7z7BCEPqu6E+C64Yfv1cQ7kz7rIZviUmN+EgEM=
