github.com/btcsuite/btcd/btcec/v2 v2.2.1 h1:xP60mv8fvp+0khmrN0zTdPC3cNm24rfeE6lh2R/Yv3E=
github.com/btcsuite/btcd/btcec/v2 v2.2.1/go.mod h1:9/CSmJxmuvqzX9Wh2fXMWToLOHhPd11lSPuIupwTkI8=
github.com/creack/pty v1.1.9/go.mod h1:oKZEueFk5CKHvIhNR5MUki03XCEU+Q6VDXinZuGJ33E=
github.com/davecgh/go-spew v1.1.1 h1:vj9j/u1bqnvCEfJOwUhtlOARqs3+rkHYY13jYWTU97c=
github.com/davecgh/go-spew v1.1.1/go.mod h1:J7Y8YcW2NihsgmVo/mv3lAwl/skON4iLHjSsI+c5H38=
github.com/decred/dcrd/dcrec/secp256k1/v4 v4.1.0 h1:HbphB4TFFXpv7MNrT52FGrrgVXF1owhMVTHFZIlnvd4=
github.com/decred/dcrd/dcrec/secp256k1/v4 v4.1.0/go.mod h1:DZGJHZMqrU4JJqFAWUS2UO1+lbSKsdiOoYi9Zzey7Fc=
github.com/ethereum/go-ethereum v1.13.4 h1:25HJnaWVg3q1O7Z62LaaI6S9wVq8QCw3K88g8wEzrcM=
github.com/ethereum/go-ethereum v1.13.4/go.mod h1:I0U5VewuuTzvBtVzKo7b3hJzDhXOUtn9mJW7SsIPB0Q=
github.com/holiman/uint256 v1.2.3 h1:K8UWO1HUJpRMXBxbmaY1Y8IAMZC/RsKB+ArEnnK4l5o=
github.com/holiman/uint256 v1.2.3/go.mod h1:SC8Ryt4n+UBbPbIBKaG9zbbDlp4jOru9xFZmPzLUTxw=
github.com/iancoleman/orderedmap v0.3.0 h1:5cbR2grmZR/DiVt+VJopEhtVs9YGInGIxAoMJn+Ichc=
github.com/iancoleman/orderedmap v0.3.0/go.mod h1:XuLcCUkdL5owUCQeF2Ue9uuw1EptkJDkXXS7VoV7XGE=
github.com/iotaledger/hive.go/constraints v0.0.0-20231018113146-44f942407628 h1:AWs70JHHqi0FuR7Ws+15QCocarNmI76tvGarhCOm9yA=
github.com/iotaledger/hive.go/constraints v0.0.0-20231018113146-44f942407628/go.mod h1:dOBOM2s4se3HcWefPe8sQLUalGXJ8yVXw58oK8jke3s=
github.com/iotaledger/hive.go/ds v0.0.0-20231018113146-44f942407628 h1:DrCBGp71R4jYdkdtvoqvS8Fm7aqtjT9ft9dcTEWDBAE=
github.com/iotaledger/hive.go/ds v0.0.0-20231018113146-44f942407628/go.mod h1:7+hZVJJ5X0HMppBdBuinbVRQs6zKnzCjKbem0OZm/Mo=
github.com/iotaledger/hive.go/ierrors v0.0.0-20231018113146-44f942407628 h1:49lo8mMIhtmKOVlR8VHgzUPxnxMbVcGko9tTpkqXMe4=
github.com/iotaledger/hive.go/ierrors v0.0.0-20231018113146-44f942407628/go.mod h1:HcE8B5lP96enc/OALTb2/rIIi+yOLouRoHOKRclKmC8=
github.com/iotaledger/hive.go/kvstore v0.0.0-20231018113146-44f942407628 h1:FMV/oeQi25b4zQCFCbwIEPjYqw1sMvv02xkZfK/b7GA=
github.com/iotaledger/hive.go/kvstore v0.0.0-20231018113146-44f942407628/go.mod h1:blLYzYQsSo3635xfC/J5bAXimowQVwwsU0IHvMe3r3I=
github.com/iotaledger/hive.go/lo v0.0.0-20231018113146-44f942407628 h1:2IJ14pSNKbrv7Jk8pc7oHictRx1/W46gUYaDPHCRkj8=
github.com/iotaledger/hive.go/lo v0.0.0-20231018113146-44f942407628/go.mod h1:EBLaj9O6yNl9HEglKbNTcQQHeOdvx+3ZgU65zs7wihc=
github.com/iotaledger/hive.go/runtime v0.0.0-20231018113146-44f942407628 h1:M8E377WhGHUINYaJ21A6yFWFAoIbgs1a8JRmoj/QdUo=
github.com/iotaledger/hive.go/runtime v0.0.0-20231018113146-44f942407628/go.mod h1:wWiwICaebXLkNgdsHqA7SNrtKUrdsc/Rb4ml7Dk2SQQ=
github.com/iotaledger/hive.go/serializer/v2 v2.0.0-rc.1.0.20231018113146-44f942407628 h1:J+VBXUujmHfnnNaDI4OVGNf7REc+8sC3ZZ7Yi5AkpJw=
github.com/iotaledger/hive.go/serializer/v2 v2.0.0-rc.1.0.20231018113146-44f942407628/go.mod h1:/p9y1HsK7HPfOgiVHOtTb0tW9QlLt7H5GeeYn4Illz4=
github.com/iotaledger/hive.go/stringify v0.0.0-20231018113146-44f942407628 h1:+dEwZefM88Q8vaMpedMWez5Od24dHR859+Ur+Bh10nk=
github.com/iotaledger/hive.go/stringify v0.0.0-20231018113146-44f942407628/go.mod h1:FTo/UWzNYgnQ082GI9QVM9HFDERqf9rw9RivNpqrnTs=
github.com/kr/pretty v0.3.1 h1:flRD4NNwYAUpkphVc1HcthR4KEIFJ65n8Mw5qdRn3LE=
github.com/kr/pretty v0.3.1/go.mod h1:hoEshYVHaxMs3cyo3Yncou5ZscifuDolrwPKZanG3xk=
github.com/kr/text v0.2.0 h1:5Nx0Ya0ZqY2ygV366QzturHI13Jq95ApcVaJBhpS+AY=
github.com/kr/text v0.2.0/go.mod h1:eLer722TekiGuMkidMxC/pM04lWEeraHUUmBw8l2grE=
github.com/mr-tron/base58 v1.2.0 h1:T/HDJBh4ZCPbU39/+c3rRvE0uKBQlU27+QI8LJ4t64o=
github.com/mr-tron/base58 v1.2.0/go.mod h1:BinMc/sQntlIE1frQmRFPUoPA1Zkr8VRgBdjWI2mNwc=
github.com/petermattis/goid v0.0.0-20180202154549-b0b1615b78e5/go.mod h1:jvVRKCrJTQWu0XVbaOlby/2lO20uSCHEMzzplHXte1o=
github.com/petermattis/goid v0.0.0-20230904192822-1876fd5063bc h1:8bQZVK1X6BJR/6nYUPxQEP+ReTsceJTKizeuwjWOPUA=
github.com/petermattis/goid v0.0.0-20230904192822-1876fd5063bc/go.mod h1:pxMtw7cyUw6B2bRH0ZBANSPg+AoSud1I1iyJHI69jH4=
github.com/pmezard/go-difflib v1.0.0 h1:4DBwDE0NGyQoBHbLQYPwSUPoCMWR5BEzIk/f1lZbAQM=
github.com/pmezard/go-difflib v1.0.0/go.mod h1:iKH77koFhYxTK1pcRnkKkqfTogsbg7gZNVY4sRDYZ/4=
github.com/pokt-network/smt v0.6.1 h1:u5yTGNNND6edXv3vMQrAcjku1Ig4osehdu+EMYSXHUU=
github.com/pokt-network/smt v0.6.1/go.mod h1:CWgC9UzDxXJNkL7TEADnJXutZVMYzK/+dmBb37RWkeQ=
github.com/rogpeppe/go-internal v1.11.0 h1:cWPaGQEPrBb5/AsnsZesgZZ9yb1OQ+GOISoDNXVBh4M=
github.com/rogpeppe/go-internal v1.11.0/go.mod h1:ddIwULY96R17DhadqLgMfk9H9tvdUzkipdSkR5nkCZA=
github.com/sasha-s/go-deadlock v0.3.1 h1:sqv7fDNShgjcaxkO0JNcOAlr8B9+cV5Ey/OB71efZx0=
github.com/sasha-s/go-deadlock v0.3.1/go.mod h1:F73l+cr82YSh10GxyRI6qZiCgK64VaZjwesgfQ1/iLM=
github.com/stretchr/testify v1.8.4 h1:CcVxjf3Q8PM0mHUKJCdn+eZZtm5yQwehR5yeSVQQcUk=
github.com/stretchr/testify v1.8.4/go.mod h1:sz/lmYIOXD/1dqDmKjjqLyZ2RngseejIcXlSw2iwfAo=
golang.org/x/crypto v0.14.0 h1:wBqGXzWJW6m1XrIKlAH0Hs1JJ7+9KBwnIO8v66Q9cHc=
golang.org/x/crypto v0.14.0/go.mod h1:MVFd36DqK4CsrnJYDkBA3VC4m2GkXAM0PvzMCn4JQf4=
golang.org/x/sys v0.13.0 h1:Af8nKPmuFypiUBjVoU9V20FiaFXOcuZI21p0ycVYYGE=
golang.org/x/sys v0.13.0/go.mod h1:oPkhp1MJrh7nUepCBck5+mAzfO9JrbApNNgaTdGDITg=
gopkg.in/check.v1 v0.0.0-20161208181325-20d25e280405/go.mod h1:Co6ibVJAznAaIkqp8huTwlJQCZ016jof/cbN4VW5Yz0=
gopkg.in/check.v1 v1.0.0-20190902080502-41f04d3bba15 h1:YR8cESwS4TdDjEe65xsg0ogRM/Nc3DYOhEAlW+xobZo=
gopkg.in/check.v1 v1.0.0-20190902080502-41f04d3bba15/go.mod h1:Co6ibVJAznAaIkqp8huTwlJQCZ016jof/cbN4VW5Yz0=
gopkg.in/yaml.v3 v3.0.1 h1:fxVm/GzAzEWqLHuvctI91KS9hhNmmWOoWu0XTYJS7CA=
gopkg.in/yaml.v3 v3.0.1/go.mod h1:K4uyk7z7BCEPqu6E+C64Yfv1cQ7kz7rIZviUmN+EgEM=
