github.com/btcsuite/btcd/btcec/v2 v2.2.1 h1:xP60mv8fvp+0khmrN0zTdPC3cNm24rfeE6lh2R/Yv3E=
github.com/celestiaorg/smt v0.3.0 h1:Hc6m8fIVRajrg/Saf8ivX4xw551LHzOs8kqeadd6h9s=
github.com/celestiaorg/smt v0.3.0/go.mod h1:/sdYDakowo/XaxS2Fl7CBqtuf/O2uTqF2zmAUFAtAiw=
github.com/creack/pty v1.1.9/go.mod h1:oKZEueFk5CKHvIhNR5MUki03XCEU+Q6VDXinZuGJ33E=
github.com/davecgh/go-spew v1.1.1 h1:vj9j/u1bqnvCEfJOwUhtlOARqs3+rkHYY13jYWTU97c=
github.com/davecgh/go-spew v1.1.1/go.mod h1:J7Y8YcW2NihsgmVo/mv3lAwl/skON4iLHjSsI+c5H38=
github.com/decred/dcrd/dcrec/secp256k1/v4 v4.1.0 h1:HbphB4TFFXpv7MNrT52FGrrgVXF1owhMVTHFZIlnvd4=
github.com/emirpasic/gods v1.18.1 h1:FXtiHYKDGKCW2KzwZKx0iC0PQmdlorYgdFG9jPXJ1Bc=
github.com/emirpasic/gods v1.18.1/go.mod h1:8tpGGwCnJ5H4r6BWwaV6OrWmMoPhUl5jm/FMNAnJvWQ=
github.com/ethereum/go-ethereum v1.12.0 h1:bdnhLPtqETd4m3mS8BGMNvBTf36bO5bx/hxE2zljOa0=
github.com/ethereum/go-ethereum v1.12.0/go.mod h1:/oo2X/dZLJjf2mJ6YT9wcWxa4nNJDBKDBU6sFIpx1Gs=
github.com/holiman/uint256 v1.2.2-0.20230321075855-87b91420868c h1:DZfsyhDK1hnSS5lH8l+JggqzEleHteTYfutAiVlSUM8=
github.com/iancoleman/orderedmap v0.3.0 h1:5cbR2grmZR/DiVt+VJopEhtVs9YGInGIxAoMJn+Ichc=
github.com/iancoleman/orderedmap v0.3.0/go.mod h1:XuLcCUkdL5owUCQeF2Ue9uuw1EptkJDkXXS7VoV7XGE=
github.com/iotaledger/hive.go/ads v0.0.0-20230629181801-64c530ff9d15 h1:BMEQxAiV1M2lufo6Rv4zbTv5zoVDvxFduni0O6w5emk=
github.com/iotaledger/hive.go/ads v0.0.0-20230629181801-64c530ff9d15/go.mod h1:wPxiUI/+jRqeHm/WQO70agvAWeouxzlkha0CkCpCNjs=
github.com/iotaledger/hive.go/constraints v0.0.0-20230728082147-9fbb11f3eab5 h1:XG5rx+j0Km/lDcA5d77XlVGHoucV6f8XRlOPaRQ9Cz0=
github.com/iotaledger/hive.go/constraints v0.0.0-20230728082147-9fbb11f3eab5/go.mod h1:bvXXc6quBdERMMKnirr2+iQU4WnTz4KDbdHcusW9Ats=
github.com/iotaledger/hive.go/ierrors v0.0.0-20230728082147-9fbb11f3eab5 h1:Dd3xpzJDnxI/k9d8tLQ/m42NW/EZ1NtdrwdGGn9YTow=
github.com/iotaledger/hive.go/ierrors v0.0.0-20230728082147-9fbb11f3eab5/go.mod h1:aMfXyyUB+ODjZB2Q1CdSUSWIFbhvIWnVlBZWkJ2T0Uw=
github.com/iotaledger/hive.go/kvstore v0.0.0-20230629181801-64c530ff9d15 h1:N5teZ9ixsjyfGWlXNWg+/dxG0lkmNiqILvDrAa9SQos=
github.com/iotaledger/hive.go/kvstore v0.0.0-20230629181801-64c530ff9d15/go.mod h1:oET9GdiN58SWw+INHuNwmiBlfmfRyoe1cJMx7TYk1Js=
github.com/iotaledger/hive.go/lo v0.0.0-20230728082147-9fbb11f3eab5 h1:wCQ+KC5hbtkb/5+uBu3zXWej/BXaRaMQKx3Sm0CxagQ=
github.com/iotaledger/hive.go/lo v0.0.0-20230728082147-9fbb11f3eab5/go.mod h1:yJvy1PiQOUxLSwIbNok20I1HIyZmSKJbD5biRBvlEVE=
github.com/iotaledger/hive.go/runtime v0.0.0-20230417083738-41b63759a6b8 h1:Z5A3SuWQyhA7lkSnXlc8cXrsEIvTMVggdIJKTgyo0Ik=
github.com/iotaledger/hive.go/runtime v0.0.0-20230417083738-41b63759a6b8/go.mod h1:A1z65KX13xC1KrUuH99WHwSuGnTqq0D64l5P9R1fMbc=
github.com/iotaledger/hive.go/serializer/v2 v2.0.0-rc.1.0.20230728082147-9fbb11f3eab5 h1:fNxRmyXxMNd/NOXpfIX37+2VOFIkOKMxKn9YQQHxxTg=
github.com/iotaledger/hive.go/serializer/v2 v2.0.0-rc.1.0.20230728082147-9fbb11f3eab5/go.mod h1:UoU9OQb78ykPWhen53+vnHKDqa8q9y3Ymym9FPa18bI=
github.com/iotaledger/hive.go/stringify v0.0.0-20230728082147-9fbb11f3eab5 h1:v8ZyIetflz0Q0pFCHZk6QWWlXeoLi6wYZ7GwrH0UuJE=
github.com/iotaledger/hive.go/stringify v0.0.0-20230728082147-9fbb11f3eab5/go.mod h1:l/F3cA/+67QdNj+sohv2v4HhmsdOcWScoA+sVYoAE4c=
github.com/kr/pretty v0.3.1 h1:flRD4NNwYAUpkphVc1HcthR4KEIFJ65n8Mw5qdRn3LE=
github.com/kr/text v0.2.0 h1:5Nx0Ya0ZqY2ygV366QzturHI13Jq95ApcVaJBhpS+AY=
github.com/kr/text v0.2.0/go.mod h1:eLer722TekiGuMkidMxC/pM04lWEeraHUUmBw8l2grE=
github.com/mr-tron/base58 v1.2.0 h1:T/HDJBh4ZCPbU39/+c3rRvE0uKBQlU27+QI8LJ4t64o=
github.com/mr-tron/base58 v1.2.0/go.mod h1:BinMc/sQntlIE1frQmRFPUoPA1Zkr8VRgBdjWI2mNwc=
github.com/petermattis/goid v0.0.0-20180202154549-b0b1615b78e5/go.mod h1:jvVRKCrJTQWu0XVbaOlby/2lO20uSCHEMzzplHXte1o=
github.com/petermattis/goid v0.0.0-20230317030725-371a4b8eda08 h1:hDSdbBuw3Lefr6R18ax0tZ2BJeNB3NehB3trOwYBsdU=
github.com/petermattis/goid v0.0.0-20230317030725-371a4b8eda08/go.mod h1:pxMtw7cyUw6B2bRH0ZBANSPg+AoSud1I1iyJHI69jH4=
github.com/pkg/errors v0.9.1 h1:FEBLx1zS214owpjy7qsBeixbURkuhQAwrK5UwLGTwt4=
github.com/pkg/errors v0.9.1/go.mod h1:bwawxfHBFNV+L2hUp1rHADufV3IMtnDRdf1r5NINEl0=
github.com/pmezard/go-difflib v1.0.0 h1:4DBwDE0NGyQoBHbLQYPwSUPoCMWR5BEzIk/f1lZbAQM=
github.com/pmezard/go-difflib v1.0.0/go.mod h1:iKH77koFhYxTK1pcRnkKkqfTogsbg7gZNVY4sRDYZ/4=
github.com/pokt-network/smt v0.6.1 h1:u5yTGNNND6edXv3vMQrAcjku1Ig4osehdu+EMYSXHUU=
github.com/pokt-network/smt v0.6.1/go.mod h1:CWgC9UzDxXJNkL7TEADnJXutZVMYzK/+dmBb37RWkeQ=
github.com/rogpeppe/go-internal v1.10.0 h1:TMyTOH3F/DB16zRVcYyreMH6GnZZrwQVAoYjRBZyWFQ=
github.com/sasha-s/go-deadlock v0.3.1 h1:sqv7fDNShgjcaxkO0JNcOAlr8B9+cV5Ey/OB71efZx0=
github.com/sasha-s/go-deadlock v0.3.1/go.mod h1:F73l+cr82YSh10GxyRI6qZiCgK64VaZjwesgfQ1/iLM=
github.com/stretchr/testify v1.8.4 h1:CcVxjf3Q8PM0mHUKJCdn+eZZtm5yQwehR5yeSVQQcUk=
github.com/stretchr/testify v1.8.4/go.mod h1:sz/lmYIOXD/1dqDmKjjqLyZ2RngseejIcXlSw2iwfAo=
golang.org/x/crypto v0.11.0 h1:6Ewdq3tDic1mg5xRO4milcWCfMVQhI4NkqWWvqejpuA=
golang.org/x/crypto v0.11.0/go.mod h1:xgJhtzW8F9jGdVFWZESrid1U1bjeNy4zgy5cRr/CIio=
golang.org/x/sys v0.10.0 h1:SqMFp9UcQJZa+pmYuAKjd9xq1f0j5rLcDIk0mj4qAsA=
golang.org/x/sys v0.10.0/go.mod h1:oPkhp1MJrh7nUepCBck5+mAzfO9JrbApNNgaTdGDITg=
gopkg.in/check.v1 v0.0.0-20161208181325-20d25e280405/go.mod h1:Co6ibVJAznAaIkqp8huTwlJQCZ016jof/cbN4VW5Yz0=
gopkg.in/check.v1 v1.0.0-20201130134442-10cb98267c6c h1:Hei/4ADfdWqJk1ZMxUNpqntNwaWcugrBjAiHlqqRiVk=
gopkg.in/yaml.v3 v3.0.1 h1:fxVm/GzAzEWqLHuvctI91KS9hhNmmWOoWu0XTYJS7CA=
gopkg.in/yaml.v3 v3.0.1/go.mod h1:K4uyk7z7BCEPqu6E+C64Yfv1cQ7kz7rIZviUmN+EgEM=
