github.com/btcsuite/btcd/btcec/v2 v2.2.1 h1:xP60mv8fvp+0khmrN0zTdPC3cNm24rfeE6lh2R/Yv3E=
github.com/btcsuite/btcd/btcec/v2 v2.2.1/go.mod h1:9/CSmJxmuvqzX9Wh2fXMWToLOHhPd11lSPuIupwTkI8=
github.com/davecgh/go-spew v1.1.1 h1:vj9j/u1bqnvCEfJOwUhtlOARqs3+rkHYY13jYWTU97c=
github.com/davecgh/go-spew v1.1.1/go.mod h1:J7Y8YcW2NihsgmVo/mv3lAwl/skON4iLHjSsI+c5H38=
github.com/decred/dcrd/dcrec/secp256k1/v4 v4.1.0 h1:HbphB4TFFXpv7MNrT52FGrrgVXF1owhMVTHFZIlnvd4=
github.com/decred/dcrd/dcrec/secp256k1/v4 v4.1.0/go.mod h1:DZGJHZMqrU4JJqFAWUS2UO1+lbSKsdiOoYi9Zzey7Fc=
github.com/ethereum/go-ethereum v1.13.5 h1:U6TCRciCqZRe4FPXmy1sMGxTfuk8P7u2UoinF3VbaFk=
github.com/ethereum/go-ethereum v1.13.5/go.mod h1:yMTu38GSuyxaYzQMViqNmQ1s3cE84abZexQmTgenWk0=
github.com/holiman/uint256 v1.2.3 h1:K8UWO1HUJpRMXBxbmaY1Y8IAMZC/RsKB+ArEnnK4l5o=
github.com/holiman/uint256 v1.2.3/go.mod h1:SC8Ryt4n+UBbPbIBKaG9zbbDlp4jOru9xFZmPzLUTxw=
github.com/iancoleman/orderedmap v0.3.0 h1:5cbR2grmZR/DiVt+VJopEhtVs9YGInGIxAoMJn+Ichc=
github.com/iancoleman/orderedmap v0.3.0/go.mod h1:XuLcCUkdL5owUCQeF2Ue9uuw1EptkJDkXXS7VoV7XGE=
github.com/iotaledger/hive.go/constraints v0.0.0-20231214115948-1e569feb231f h1:wYhfBDVy875gugGqLxf+pTYBXZLOHO3zcP9gjd7wsEk=
github.com/iotaledger/hive.go/constraints v0.0.0-20231214115948-1e569feb231f/go.mod h1:dOBOM2s4se3HcWefPe8sQLUalGXJ8yVXw58oK8jke3s=
github.com/iotaledger/hive.go/ierrors v0.0.0-20231214115948-1e569feb231f h1:Ux8BWjqirYvfQpRPJFj4heNaa5QHNLQgIF3EzoM8RBc=
github.com/iotaledger/hive.go/ierrors v0.0.0-20231214115948-1e569feb231f/go.mod h1:HcE8B5lP96enc/OALTb2/rIIi+yOLouRoHOKRclKmC8=
github.com/iotaledger/hive.go/lo v0.0.0-20231214115948-1e569feb231f h1:K7ENmrYgz+uhthmUkhrzmwQmTt+0ZFqVBrs8kDpKyBc=
github.com/iotaledger/hive.go/lo v0.0.0-20231214115948-1e569feb231f/go.mod h1:sw9SPdK6Jl0wOQ9D/TzT9pFxglnQU54KJcp5r2+BwWc=
github.com/iotaledger/hive.go/runtime v0.0.0-20231214115948-1e569feb231f h1:24HZVt9j5ghlknqldqjKs5VtLfuQC+AZngo+3HsQYeM=
github.com/iotaledger/hive.go/runtime v0.0.0-20231214115948-1e569feb231f/go.mod h1:V1z5PzDqvI6obM4RKEVjwMov2Oift2M/8YteR0Q48e0=
github.com/iotaledger/hive.go/serializer/v2 v2.0.0-rc.1.0.20231214115948-1e569feb231f h1:RlHzFQARwAP8Pnmn/mTTP+UU1Nat/mRjnByE6wPGg20=
github.com/iotaledger/hive.go/serializer/v2 v2.0.0-rc.1.0.20231214115948-1e569feb231f/go.mod h1:Jx/bQH7XSseyTFIeGF1nhpLWSKRznzmET70/i9mylBw=
github.com/kr/pretty v0.3.1 h1:flRD4NNwYAUpkphVc1HcthR4KEIFJ65n8Mw5qdRn3LE=
github.com/kr/pretty v0.3.1/go.mod h1:hoEshYVHaxMs3cyo3Yncou5ZscifuDolrwPKZanG3xk=
github.com/kr/text v0.2.0 h1:5Nx0Ya0ZqY2ygV366QzturHI13Jq95ApcVaJBhpS+AY=
github.com/kr/text v0.2.0/go.mod h1:eLer722TekiGuMkidMxC/pM04lWEeraHUUmBw8l2grE=
github.com/mr-tron/base58 v1.2.0 h1:T/HDJBh4ZCPbU39/+c3rRvE0uKBQlU27+QI8LJ4t64o=
github.com/mr-tron/base58 v1.2.0/go.mod h1:BinMc/sQntlIE1frQmRFPUoPA1Zkr8VRgBdjWI2mNwc=
github.com/pmezard/go-difflib v1.0.0 h1:4DBwDE0NGyQoBHbLQYPwSUPoCMWR5BEzIk/f1lZbAQM=
github.com/pmezard/go-difflib v1.0.0/go.mod h1:iKH77koFhYxTK1pcRnkKkqfTogsbg7gZNVY4sRDYZ/4=
github.com/rogpeppe/go-internal v1.10.0 h1:TMyTOH3F/DB16zRVcYyreMH6GnZZrwQVAoYjRBZyWFQ=
github.com/rogpeppe/go-internal v1.10.0/go.mod h1:UQnix2H7Ngw/k4C5ijL5+65zddjncjaFoBhdsK/akog=
github.com/stretchr/testify v1.8.4 h1:CcVxjf3Q8PM0mHUKJCdn+eZZtm5yQwehR5yeSVQQcUk=
github.com/stretchr/testify v1.8.4/go.mod h1:sz/lmYIOXD/1dqDmKjjqLyZ2RngseejIcXlSw2iwfAo=
golang.org/x/crypto v0.14.0 h1:wBqGXzWJW6m1XrIKlAH0Hs1JJ7+9KBwnIO8v66Q9cHc=
golang.org/x/crypto v0.14.0/go.mod h1:MVFd36DqK4CsrnJYDkBA3VC4m2GkXAM0PvzMCn4JQf4=
golang.org/x/sys v0.13.0 h1:Af8nKPmuFypiUBjVoU9V20FiaFXOcuZI21p0ycVYYGE=
golang.org/x/sys v0.13.0/go.mod h1:oPkhp1MJrh7nUepCBck5+mAzfO9JrbApNNgaTdGDITg=
gopkg.in/check.v1 v0.0.0-20161208181325-20d25e280405/go.mod h1:Co6ibVJAznAaIkqp8huTwlJQCZ016jof/cbN4VW5Yz0=
gopkg.in/check.v1 v1.0.0-20190902080502-41f04d3bba15 h1:YR8cESwS4TdDjEe65xsg0ogRM/Nc3DYOhEAlW+xobZo=
gopkg.in/check.v1 v1.0.0-20190902080502-41f04d3bba15/go.mod h1:Co6ibVJAznAaIkqp8huTwlJQCZ016jof/cbN4VW5Yz0=
gopkg.in/yaml.v3 v3.0.1 h1:fxVm/GzAzEWqLHuvctI91KS9hhNmmWOoWu0XTYJS7CA=
gopkg.in/yaml.v3 v3.0.1/go.mod h1:K4uyk7z7BCEPqu6E+C64Yfv1cQ7kz7rIZviUmN+EgEM=
