github.com/creack/pty v1.1.9/go.mod h1:oKZEueFk5CKHvIhNR5MUki03XCEU+Q6VDXinZuGJ33E=
github.com/davecgh/go-spew v1.1.0/go.mod h1:J7Y8YcW2NihsgmVo/mv3lAwl/skON4iLHjSsI+c5H38=
github.com/davecgh/go-spew v1.1.1 h1:vj9j/u1bqnvCEfJOwUhtlOARqs3+rkHYY13jYWTU97c=
github.com/davecgh/go-spew v1.1.1/go.mod h1:J7Y8YcW2NihsgmVo/mv3lAwl/skON4iLHjSsI+c5H38=
github.com/iotaledger/grocksdb v1.7.5-0.20230220105546-5162e18885c7 h1:dTrD7X2PTNgli6EbS4tV9qu3QAm/kBU3XaYZV2xdzys=
github.com/iotaledger/grocksdb v1.7.5-0.20230220105546-5162e18885c7/go.mod h1:ZRdPu684P0fQ1z8sXz4dj9H5LWHhz4a9oCtvjunkSrw=
github.com/iotaledger/hive.go/constraints v0.0.0-20240223135320-81de52dfbf66 h1:RXfnEFtFUT7EbGfbcXjwWdG5SUMK8BrDy0jWN06umFA=
github.com/iotaledger/hive.go/constraints v0.0.0-20240223135320-81de52dfbf66/go.mod h1:JF7jjkL6tSUOXm23SWadBzBrl7eJk1DQRLc/fNoVZ+o=
github.com/iotaledger/hive.go/ds v0.0.0-20240223135320-81de52dfbf66 h1:SP98beHDwV9kR3ZyiRS3yqVAkfCa4QeqMC6x+FZtgNg=
github.com/iotaledger/hive.go/ds v0.0.0-20240223135320-81de52dfbf66/go.mod h1:wfjeJj9B+MM/3yeUHfvT8Gj8bRsdl9utyh2dZg+1+B0=
github.com/iotaledger/hive.go/ierrors v0.0.0-20240223135320-81de52dfbf66 h1:XN67XFRSZONLgl8yPWR7GGY2UbqDHgw37th5tn17F98=
github.com/iotaledger/hive.go/ierrors v0.0.0-20240223135320-81de52dfbf66/go.mod h1:GQY0/35sjgT9Poi1Vrs9kFVvAkuKzGXfVh4j6CBXsAA=
github.com/iotaledger/hive.go/lo v0.0.0-20240223135320-81de52dfbf66 h1:OzUnu/JXbyDiZ6QwHsPeNbMb68RANKhLFbjeOslKQe8=
github.com/iotaledger/hive.go/lo v0.0.0-20240223135320-81de52dfbf66/go.mod h1:67oLzWYiBLGt5PN7IBVHdbt9P6oBYCx9UvMEL8ExDAc=
github.com/iotaledger/hive.go/runtime v0.0.0-20240223135320-81de52dfbf66 h1:FwxRHDMatKeOchhe6cw1loZ5tuDonTcxb6bNHBIAXUU=
github.com/iotaledger/hive.go/runtime v0.0.0-20240223135320-81de52dfbf66/go.mod h1:pueoYXud+HmTY2x9j/S6+ZX3M5ZyENFKPDrx3EtcwWs=
github.com/iotaledger/hive.go/serializer/v2 v2.0.0-rc.1.0.20240223135320-81de52dfbf66 h1:dCBhtgl185DEdxISHmu+Z/8s+HUUei92OfQDk/hMjMc=
github.com/iotaledger/hive.go/serializer/v2 v2.0.0-rc.1.0.20240223135320-81de52dfbf66/go.mod h1:NK05G4PxwZF1m4jGANJWLhAQ2hP1Nt0L8mgCTFLsSCw=
github.com/iotaledger/hive.go/stringify v0.0.0-20240223135320-81de52dfbf66 h1:PjO6oK3N6nkmGRlevLX4b6Sl2X4Oj2oUgMWQc+m963o=
github.com/iotaledger/hive.go/stringify v0.0.0-20240223135320-81de52dfbf66/go.mod h1:O4p7UmsfoeLqtAUwrKbq0lXMxjY/MLQSpZSavvvvGig=
github.com/kr/pretty v0.3.1 h1:flRD4NNwYAUpkphVc1HcthR4KEIFJ65n8Mw5qdRn3LE=
github.com/kr/pretty v0.3.1/go.mod h1:hoEshYVHaxMs3cyo3Yncou5ZscifuDolrwPKZanG3xk=
github.com/kr/text v0.2.0 h1:5Nx0Ya0ZqY2ygV366QzturHI13Jq95ApcVaJBhpS+AY=
github.com/kr/text v0.2.0/go.mod h1:eLer722TekiGuMkidMxC/pM04lWEeraHUUmBw8l2grE=
github.com/pelletier/go-toml/v2 v2.1.1 h1:LWAJwfNvjQZCFIDKWYQaM62NcYeYViCmWIwmOStowAI=
github.com/pelletier/go-toml/v2 v2.1.1/go.mod h1:tJU2Z3ZkXwnxa4DPO899bsyIoywizdUvyaeZurnPPDc=
github.com/petermattis/goid v0.0.0-20180202154549-b0b1615b78e5/go.mod h1:jvVRKCrJTQWu0XVbaOlby/2lO20uSCHEMzzplHXte1o=
github.com/petermattis/goid v0.0.0-20231207134359-e60b3f734c67 h1:jik8PHtAIsPlCRJjJzl4udgEf7hawInF9texMeO2jrU=
github.com/petermattis/goid v0.0.0-20231207134359-e60b3f734c67/go.mod h1:pxMtw7cyUw6B2bRH0ZBANSPg+AoSud1I1iyJHI69jH4=
github.com/pkg/diff v0.0.0-20210226163009-20ebb0f2a09e/go.mod h1:pJLUxLENpZxwdsKMEsNbx1VGcRFpLqf3715MtcvvzbA=
github.com/pmezard/go-difflib v1.0.0 h1:4DBwDE0NGyQoBHbLQYPwSUPoCMWR5BEzIk/f1lZbAQM=
github.com/pmezard/go-difflib v1.0.0/go.mod h1:iKH77koFhYxTK1pcRnkKkqfTogsbg7gZNVY4sRDYZ/4=
github.com/rogpeppe/go-internal v1.9.0/go.mod h1:WtVeX8xhTBvf0smdhujwtBcq4Qrzq/fJaraNFVN+nFs=
github.com/rogpeppe/go-internal v1.11.0 h1:cWPaGQEPrBb5/AsnsZesgZZ9yb1OQ+GOISoDNXVBh4M=
github.com/rogpeppe/go-internal v1.11.0/go.mod h1:ddIwULY96R17DhadqLgMfk9H9tvdUzkipdSkR5nkCZA=
github.com/sasha-s/go-deadlock v0.3.1 h1:sqv7fDNShgjcaxkO0JNcOAlr8B9+cV5Ey/OB71efZx0=
github.com/sasha-s/go-deadlock v0.3.1/go.mod h1:F73l+cr82YSh10GxyRI6qZiCgK64VaZjwesgfQ1/iLM=
github.com/stretchr/objx v0.1.0/go.mod h1:HFkY916IF+rwdDfMAkV7OtwuqBVzrE8GR6GFx+wExME=
github.com/stretchr/objx v0.4.0/go.mod h1:YvHI0jy2hoMjB+UWwv71VJQ9isScKT/TqJzVSSt89Yw=
github.com/stretchr/objx v0.5.0/go.mod h1:Yh+to48EsGEfYuaHDzXPcE3xhTkx73EhmCGUpEOglKo=
github.com/stretchr/testify v1.7.1/go.mod h1:6Fq8oRcR53rry900zMqJjRRixrwX3KX962/h/Wwjteg=
github.com/stretchr/testify v1.8.0/go.mod h1:yNjHg4UonilssWZ8iaSj1OCr/vHnekPRkoO+kdMU+MU=
github.com/stretchr/testify v1.8.4 h1:CcVxjf3Q8PM0mHUKJCdn+eZZtm5yQwehR5yeSVQQcUk=
github.com/stretchr/testify v1.8.4/go.mod h1:sz/lmYIOXD/1dqDmKjjqLyZ2RngseejIcXlSw2iwfAo=
gopkg.in/check.v1 v0.0.0-20161208181325-20d25e280405/go.mod h1:Co6ibVJAznAaIkqp8huTwlJQCZ016jof/cbN4VW5Yz0=
gopkg.in/check.v1 v1.0.0-20190902080502-41f04d3bba15 h1:YR8cESwS4TdDjEe65xsg0ogRM/Nc3DYOhEAlW+xobZo=
gopkg.in/check.v1 v1.0.0-20190902080502-41f04d3bba15/go.mod h1:Co6ibVJAznAaIkqp8huTwlJQCZ016jof/cbN4VW5Yz0=
gopkg.in/yaml.v3 v3.0.0-20200313102051-9f266ea9e77c/go.mod h1:K4uyk7z7BCEPqu6E+C64Yfv1cQ7kz7rIZviUmN+EgEM=
gopkg.in/yaml.v3 v3.0.1 h1:fxVm/GzAzEWqLHuvctI91KS9hhNmmWOoWu0XTYJS7CA=
gopkg.in/yaml.v3 v3.0.1/go.mod h1:K4uyk7z7BCEPqu6E+C64Yfv1cQ7kz7rIZviUmN+EgEM=
