github.com/btcsuite/btcd/btcec/v2 v2.2.1 h1:xP60mv8fvp+0khmrN0zTdPC3cNm24rfeE6lh2R/Yv3E=
github.com/btcsuite/btcd/btcec/v2 v2.2.1/go.mod h1:9/CSmJxmuvqzX9Wh2fXMWToLOHhPd11lSPuIupwTkI8=
github.com/creack/pty v1.1.9/go.mod h1:oKZEueFk5CKHvIhNR5MUki03XCEU+Q6VDXinZuGJ33E=
github.com/davecgh/go-spew v1.1.1 h1:vj9j/u1bqnvCEfJOwUhtlOARqs3+rkHYY13jYWTU97c=
github.com/davecgh/go-spew v1.1.1/go.mod h1:J7Y8YcW2NihsgmVo/mv3lAwl/skON4iLHjSsI+c5H38=
github.com/decred/dcrd/dcrec/secp256k1/v4 v4.1.0 h1:HbphB4TFFXpv7MNrT52FGrrgVXF1owhMVTHFZIlnvd4=
github.com/decred/dcrd/dcrec/secp256k1/v4 v4.1.0/go.mod h1:DZGJHZMqrU4JJqFAWUS2UO1+lbSKsdiOoYi9Zzey7Fc=
github.com/ethereum/go-ethereum v1.13.13 h1:KYn9w7pEWRI9oyZOzO94OVbctSusPByHdFDPj634jII=
github.com/ethereum/go-ethereum v1.13.13/go.mod h1:TN8ZiHrdJwSe8Cb6x+p0hs5CxhJZPbqB7hHkaUXcmIU=
github.com/holiman/uint256 v1.2.4 h1:jUc4Nk8fm9jZabQuqr2JzednajVmBpC+oiTiXZJEApU=
github.com/holiman/uint256 v1.2.4/go.mod h1:EOMSn4q6Nyt9P6efbI3bueV4e1b3dGlUCXeiRV4ng7E=
github.com/iancoleman/orderedmap v0.3.0 h1:5cbR2grmZR/DiVt+VJopEhtVs9YGInGIxAoMJn+Ichc=
github.com/iancoleman/orderedmap v0.3.0/go.mod h1:XuLcCUkdL5owUCQeF2Ue9uuw1EptkJDkXXS7VoV7XGE=
github.com/iotaledger/hive.go/constraints v0.0.0-20240223122151-5112f0c49f60 h1:h8FreUP9A5KMkqkPUiU2fzlMh0xMgcinWzyNLyAa01E=
github.com/iotaledger/hive.go/constraints v0.0.0-20240223122151-5112f0c49f60/go.mod h1:JF7jjkL6tSUOXm23SWadBzBrl7eJk1DQRLc/fNoVZ+o=
github.com/iotaledger/hive.go/ds v0.0.0-20240223122151-5112f0c49f60 h1:jjGzD53kgBfxZN4Iu3sV2X3s4RSf8vAX2ys+zBa/YpQ=
github.com/iotaledger/hive.go/ds v0.0.0-20240223122151-5112f0c49f60/go.mod h1:sE/HabIH9FWTvgaHioLN6o4rrxFMf4BuqRQwloxcamo=
github.com/iotaledger/hive.go/ierrors v0.0.0-20240223122151-5112f0c49f60 h1:Yq6Pmpg6yuIrNUevIML7gQGv2xNgr2ngwjb8aG2aNXA=
github.com/iotaledger/hive.go/ierrors v0.0.0-20240223122151-5112f0c49f60/go.mod h1:GQY0/35sjgT9Poi1Vrs9kFVvAkuKzGXfVh4j6CBXsAA=
github.com/iotaledger/hive.go/lo v0.0.0-20240223122151-5112f0c49f60 h1:gS+CoDys4zWC8hj71fORI8MOJWrPYcBYT9tocUeDjU0=
github.com/iotaledger/hive.go/lo v0.0.0-20240223122151-5112f0c49f60/go.mod h1:0ycE1W59kkNjQ87odL6H4x5Ik9bXhbNk88wmo+mIYt0=
github.com/iotaledger/hive.go/log v0.0.0-20240223122151-5112f0c49f60 h1:Vnml0eK28VDSOtCMdHJGMqdEmIMSZbUvXIsYhLcIMwg=
github.com/iotaledger/hive.go/log v0.0.0-20240223122151-5112f0c49f60/go.mod h1:JCv/LVVTAMoCPLzou534RoIif7CAezcWZlGYabrHsck=
github.com/iotaledger/hive.go/runtime v0.0.0-20240223122151-5112f0c49f60 h1:PEUeF0CtcvugaCHtifFnSY8tCZOvc5aFbnVJ1eKGNy4=
github.com/iotaledger/hive.go/runtime v0.0.0-20240223122151-5112f0c49f60/go.mod h1:lAR3vbqE9g65M9VwWHiaXab2q+d89dBOFjhKgnDfK7c=
github.com/iotaledger/hive.go/serializer/v2 v2.0.0-rc.1.0.20240223122151-5112f0c49f60 h1:j/5F+ziHjP9acD32ElMlpUk5Lcq1/zVygyaBo8u1/bU=
github.com/iotaledger/hive.go/serializer/v2 v2.0.0-rc.1.0.20240223122151-5112f0c49f60/go.mod h1:yXQNGZUz++dB1T9RAHhWSresuTLzTC856ntdins9ivo=
github.com/iotaledger/hive.go/stringify v0.0.0-20240223122151-5112f0c49f60 h1:rEKo1XiQfWBVHsBkWubrAxxCRhmy9Cx0WLgAoP1/PFY=
github.com/iotaledger/hive.go/stringify v0.0.0-20240223122151-5112f0c49f60/go.mod h1:O4p7UmsfoeLqtAUwrKbq0lXMxjY/MLQSpZSavvvvGig=
github.com/kr/pretty v0.2.1/go.mod h1:ipq/a2n7PKx3OHsz4KJII5eveXtPO4qwEXGdVfWzfnI=
github.com/kr/pretty v0.3.1 h1:flRD4NNwYAUpkphVc1HcthR4KEIFJ65n8Mw5qdRn3LE=
github.com/kr/pretty v0.3.1/go.mod h1:hoEshYVHaxMs3cyo3Yncou5ZscifuDolrwPKZanG3xk=
github.com/kr/pty v1.1.1/go.mod h1:pFQYn66WHrOpPYNljwOMqo10TkYh1fy3cYio2l3bCsQ=
github.com/kr/text v0.1.0/go.mod h1:4Jbv+DJW3UT/LiOwJeYQe1efqtUx/iVham/4vfdArNI=
github.com/kr/text v0.2.0 h1:5Nx0Ya0ZqY2ygV366QzturHI13Jq95ApcVaJBhpS+AY=
github.com/kr/text v0.2.0/go.mod h1:eLer722TekiGuMkidMxC/pM04lWEeraHUUmBw8l2grE=
github.com/mr-tron/base58 v1.2.0 h1:T/HDJBh4ZCPbU39/+c3rRvE0uKBQlU27+QI8LJ4t64o=
github.com/mr-tron/base58 v1.2.0/go.mod h1:BinMc/sQntlIE1frQmRFPUoPA1Zkr8VRgBdjWI2mNwc=
github.com/petermattis/goid v0.0.0-20180202154549-b0b1615b78e5/go.mod h1:jvVRKCrJTQWu0XVbaOlby/2lO20uSCHEMzzplHXte1o=
github.com/petermattis/goid v0.0.0-20231207134359-e60b3f734c67 h1:jik8PHtAIsPlCRJjJzl4udgEf7hawInF9texMeO2jrU=
github.com/petermattis/goid v0.0.0-20231207134359-e60b3f734c67/go.mod h1:pxMtw7cyUw6B2bRH0ZBANSPg+AoSud1I1iyJHI69jH4=
github.com/pmezard/go-difflib v1.0.0 h1:4DBwDE0NGyQoBHbLQYPwSUPoCMWR5BEzIk/f1lZbAQM=
github.com/pmezard/go-difflib v1.0.0/go.mod h1:iKH77koFhYxTK1pcRnkKkqfTogsbg7gZNVY4sRDYZ/4=
github.com/rogpeppe/go-internal v1.10.0 h1:TMyTOH3F/DB16zRVcYyreMH6GnZZrwQVAoYjRBZyWFQ=
github.com/rogpeppe/go-internal v1.10.0/go.mod h1:UQnix2H7Ngw/k4C5ijL5+65zddjncjaFoBhdsK/akog=
github.com/sasha-s/go-deadlock v0.3.1 h1:sqv7fDNShgjcaxkO0JNcOAlr8B9+cV5Ey/OB71efZx0=
github.com/sasha-s/go-deadlock v0.3.1/go.mod h1:F73l+cr82YSh10GxyRI6qZiCgK64VaZjwesgfQ1/iLM=
github.com/stretchr/testify v1.8.4 h1:CcVxjf3Q8PM0mHUKJCdn+eZZtm5yQwehR5yeSVQQcUk=
github.com/stretchr/testify v1.8.4/go.mod h1:sz/lmYIOXD/1dqDmKjjqLyZ2RngseejIcXlSw2iwfAo=
golang.org/x/crypto v0.19.0 h1:ENy+Az/9Y1vSrlrvBSyna3PITt4tiZLf7sgCjZBX7Wo=
golang.org/x/crypto v0.19.0/go.mod h1:Iy9bg/ha4yyC70EfRS8jz+B6ybOBKMaSxLj6P6oBDfU=
golang.org/x/sys v0.17.0 h1:25cE3gD+tdBA7lp7QfhuV+rJiE9YXTcS3VG1SqssI/Y=
golang.org/x/sys v0.17.0/go.mod h1:/VUhepiaJMQUp4+oa/7Zr1D23ma6VTLIYjOOTFZPUcA=
gopkg.in/check.v1 v0.0.0-20161208181325-20d25e280405/go.mod h1:Co6ibVJAznAaIkqp8huTwlJQCZ016jof/cbN4VW5Yz0=
gopkg.in/check.v1 v1.0.0-20201130134442-10cb98267c6c h1:Hei/4ADfdWqJk1ZMxUNpqntNwaWcugrBjAiHlqqRiVk=
gopkg.in/check.v1 v1.0.0-20201130134442-10cb98267c6c/go.mod h1:JHkPIbrfpd72SG/EVd6muEfDQjcINNoR0C8j2r3qZ4Q=
gopkg.in/yaml.v3 v3.0.1 h1:fxVm/GzAzEWqLHuvctI91KS9hhNmmWOoWu0XTYJS7CA=
gopkg.in/yaml.v3 v3.0.1/go.mod h1:K4uyk7z7BCEPqu6E+C64Yfv1cQ7kz7rIZviUmN+EgEM=
nhooyr.io/websocket v1.8.10 h1:mv4p+MnGrLDcPlBoWsvPP7XCzTYMXP9F9eIGoKbgx7Q=
nhooyr.io/websocket v1.8.10/go.mod h1:rN9OFWIUwuxg4fR5tELlYC04bXYowCP9GX47ivo2l+c=
